// !$*UTF8*$!
{
	archiveVersion = 1;
	classes = {
	};
	objectVersion = 46;
	objects = {

/* Begin PBXBuildFile section */
		38162AC11D661C55003F674D /* MusicVideoTVC.swift in Sources */ = {isa = PBXBuildFile; fileRef = 38162AC01D661C55003F674D /* MusicVideoTVC.swift */; };
		38162AC31D6769B2003F674D /* MusicVideTableViewCell.swift in Sources */ = {isa = PBXBuildFile; fileRef = 38162AC21D6769B2003F674D /* MusicVideTableViewCell.swift */; };
		386456241D55521C009BE39D /* AppDelegate.swift in Sources */ = {isa = PBXBuildFile; fileRef = 386456231D55521C009BE39D /* AppDelegate.swift */; };
		386456291D55521C009BE39D /* Main.storyboard in Resources */ = {isa = PBXBuildFile; fileRef = 386456271D55521C009BE39D /* Main.storyboard */; };
		3864562B1D55521C009BE39D /* Assets.xcassets in Resources */ = {isa = PBXBuildFile; fileRef = 3864562A1D55521C009BE39D /* Assets.xcassets */; };
		3864562E1D55521C009BE39D /* LaunchScreen.storyboard in Resources */ = {isa = PBXBuildFile; fileRef = 3864562C1D55521C009BE39D /* LaunchScreen.storyboard */; };
		386456391D55521C009BE39D /* MusicVideoTests.swift in Sources */ = {isa = PBXBuildFile; fileRef = 386456381D55521C009BE39D /* MusicVideoTests.swift */; };
		386456441D55521C009BE39D /* MusicVideoUITests.swift in Sources */ = {isa = PBXBuildFile; fileRef = 386456431D55521C009BE39D /* MusicVideoUITests.swift */; };
		386456561D555CFC009BE39D /* APIManager.swift in Sources */ = {isa = PBXBuildFile; fileRef = 386456551D555CFC009BE39D /* APIManager.swift */; };
		388908CA1D74A27500D38A47 /* MusicVideoDetailVC.swift in Sources */ = {isa = PBXBuildFile; fileRef = 388908C91D74A27500D38A47 /* MusicVideoDetailVC.swift */; };
		38B3B7F31D870CC1008E79F2 /* JsonDataExtractor.swift in Sources */ = {isa = PBXBuildFile; fileRef = 38B3B7F21D870CC1008E79F2 /* JsonDataExtractor.swift */; };
		38D0B0591D774175001C5938 /* SettingsTVC.swift in Sources */ = {isa = PBXBuildFile; fileRef = 38D0B0581D774175001C5938 /* SettingsTVC.swift */; };
		38D0B05B1D777D35001C5938 /* AboutVC.swift in Sources */ = {isa = PBXBuildFile; fileRef = 38D0B05A1D777D35001C5938 /* AboutVC.swift */; };
		38DE04A11D5B8A1D00CCCE16 /* Contants.swift in Sources */ = {isa = PBXBuildFile; fileRef = 38DE04A01D5B8A1D00CCCE16 /* Contants.swift */; };
		38DE04A31D5B8B6E00CCCE16 /* MusicVideo.swift in Sources */ = {isa = PBXBuildFile; fileRef = 38DE04A21D5B8B6E00CCCE16 /* MusicVideo.swift */; };
		38DE04A81D5CEE5D00CCCE16 /* Reachability.m in Sources */ = {isa = PBXBuildFile; fileRef = 38DE04A71D5CEE5D00CCCE16 /* Reachability.m */; };
/* End PBXBuildFile section */

/* Begin PBXContainerItemProxy section */
		386456351D55521C009BE39D /* PBXContainerItemProxy */ = {
			isa = PBXContainerItemProxy;
			containerPortal = 386456181D55521C009BE39D /* Project object */;
			proxyType = 1;
			remoteGlobalIDString = 3864561F1D55521C009BE39D;
			remoteInfo = MusicVideo;
		};
		386456401D55521C009BE39D /* PBXContainerItemProxy */ = {
			isa = PBXContainerItemProxy;
			containerPortal = 386456181D55521C009BE39D /* Project object */;
			proxyType = 1;
			remoteGlobalIDString = 3864561F1D55521C009BE39D;
			remoteInfo = MusicVideo;
		};
/* End PBXContainerItemProxy section */

/* Begin PBXFileReference section */
		38162AC01D661C55003F674D /* MusicVideoTVC.swift */ = {isa = PBXFileReference; fileEncoding = 4; lastKnownFileType = sourcecode.swift; path = MusicVideoTVC.swift; sourceTree = "<group>"; };
		38162AC21D6769B2003F674D /* MusicVideTableViewCell.swift */ = {isa = PBXFileReference; fileEncoding = 4; lastKnownFileType = sourcecode.swift; path = MusicVideTableViewCell.swift; sourceTree = "<group>"; };
		386456201D55521C009BE39D /* MusicVideo.app */ = {isa = PBXFileReference; explicitFileType = wrapper.application; includeInIndex = 0; path = MusicVideo.app; sourceTree = BUILT_PRODUCTS_DIR; };
		386456231D55521C009BE39D /* AppDelegate.swift */ = {isa = PBXFileReference; lastKnownFileType = sourcecode.swift; path = AppDelegate.swift; sourceTree = "<group>"; };
		386456281D55521C009BE39D /* Base */ = {isa = PBXFileReference; lastKnownFileType = file.storyboard; name = Base; path = Base.lproj/Main.storyboard; sourceTree = "<group>"; };
		3864562A1D55521C009BE39D /* Assets.xcassets */ = {isa = PBXFileReference; lastKnownFileType = folder.assetcatalog; path = Assets.xcassets; sourceTree = "<group>"; };
		3864562D1D55521C009BE39D /* Base */ = {isa = PBXFileReference; lastKnownFileType = file.storyboard; name = Base; path = Base.lproj/LaunchScreen.storyboard; sourceTree = "<group>"; };
		3864562F1D55521C009BE39D /* Info.plist */ = {isa = PBXFileReference; lastKnownFileType = text.plist.xml; path = Info.plist; sourceTree = "<group>"; };
		386456341D55521C009BE39D /* MusicVideoTests.xctest */ = {isa = PBXFileReference; explicitFileType = wrapper.cfbundle; includeInIndex = 0; path = MusicVideoTests.xctest; sourceTree = BUILT_PRODUCTS_DIR; };
		386456381D55521C009BE39D /* MusicVideoTests.swift */ = {isa = PBXFileReference; lastKnownFileType = sourcecode.swift; path = MusicVideoTests.swift; sourceTree = "<group>"; };
		3864563A1D55521C009BE39D /* Info.plist */ = {isa = PBXFileReference; lastKnownFileType = text.plist.xml; path = Info.plist; sourceTree = "<group>"; };
		3864563F1D55521C009BE39D /* MusicVideoUITests.xctest */ = {isa = PBXFileReference; explicitFileType = wrapper.cfbundle; includeInIndex = 0; path = MusicVideoUITests.xctest; sourceTree = BUILT_PRODUCTS_DIR; };
		386456431D55521C009BE39D /* MusicVideoUITests.swift */ = {isa = PBXFileReference; lastKnownFileType = sourcecode.swift; path = MusicVideoUITests.swift; sourceTree = "<group>"; };
		386456451D55521C009BE39D /* Info.plist */ = {isa = PBXFileReference; lastKnownFileType = text.plist.xml; path = Info.plist; sourceTree = "<group>"; };
		386456551D555CFC009BE39D /* APIManager.swift */ = {isa = PBXFileReference; fileEncoding = 4; lastKnownFileType = sourcecode.swift; path = APIManager.swift; sourceTree = "<group>"; };
		388908C91D74A27500D38A47 /* MusicVideoDetailVC.swift */ = {isa = PBXFileReference; fileEncoding = 4; lastKnownFileType = sourcecode.swift; path = MusicVideoDetailVC.swift; sourceTree = "<group>"; };
		38B3B7F21D870CC1008E79F2 /* JsonDataExtractor.swift */ = {isa = PBXFileReference; fileEncoding = 4; lastKnownFileType = sourcecode.swift; path = JsonDataExtractor.swift; sourceTree = "<group>"; };
		38D0B0581D774175001C5938 /* SettingsTVC.swift */ = {isa = PBXFileReference; fileEncoding = 4; lastKnownFileType = sourcecode.swift; path = SettingsTVC.swift; sourceTree = "<group>"; };
		38D0B05A1D777D35001C5938 /* AboutVC.swift */ = {isa = PBXFileReference; fileEncoding = 4; lastKnownFileType = sourcecode.swift; path = AboutVC.swift; sourceTree = "<group>"; };
		38DE04A01D5B8A1D00CCCE16 /* Contants.swift */ = {isa = PBXFileReference; fileEncoding = 4; lastKnownFileType = sourcecode.swift; path = Contants.swift; sourceTree = "<group>"; };
		38DE04A21D5B8B6E00CCCE16 /* MusicVideo.swift */ = {isa = PBXFileReference; fileEncoding = 4; lastKnownFileType = sourcecode.swift; path = MusicVideo.swift; sourceTree = "<group>"; };
		38DE04A51D5CEE5C00CCCE16 /* MusicVideo-Bridging-Header.h */ = {isa = PBXFileReference; lastKnownFileType = sourcecode.c.h; path = "MusicVideo-Bridging-Header.h"; sourceTree = "<group>"; };
		38DE04A61D5CEE5D00CCCE16 /* Reachability.h */ = {isa = PBXFileReference; fileEncoding = 4; lastKnownFileType = sourcecode.c.h; path = Reachability.h; sourceTree = "<group>"; };
		38DE04A71D5CEE5D00CCCE16 /* Reachability.m */ = {isa = PBXFileReference; fileEncoding = 4; lastKnownFileType = sourcecode.c.objc; path = Reachability.m; sourceTree = "<group>"; };
/* End PBXFileReference section */

/* Begin PBXFrameworksBuildPhase section */
		3864561D1D55521C009BE39D /* Frameworks */ = {
			isa = PBXFrameworksBuildPhase;
			buildActionMask = 2147483647;
			files = (
			);
			runOnlyForDeploymentPostprocessing = 0;
		};
		386456311D55521C009BE39D /* Frameworks */ = {
			isa = PBXFrameworksBuildPhase;
			buildActionMask = 2147483647;
			files = (
			);
			runOnlyForDeploymentPostprocessing = 0;
		};
		3864563C1D55521C009BE39D /* Frameworks */ = {
			isa = PBXFrameworksBuildPhase;
			buildActionMask = 2147483647;
			files = (
			);
			runOnlyForDeploymentPostprocessing = 0;
		};
/* End PBXFrameworksBuildPhase section */

/* Begin PBXGroup section */
		386456171D55521C009BE39D = {
			isa = PBXGroup;
			children = (
				386456221D55521C009BE39D /* MusicVideo */,
				386456371D55521C009BE39D /* MusicVideoTests */,
				386456421D55521C009BE39D /* MusicVideoUITests */,
				386456211D55521C009BE39D /* Products */,
			);
			sourceTree = "<group>";
		};
		386456211D55521C009BE39D /* Products */ = {
			isa = PBXGroup;
			children = (
				386456201D55521C009BE39D /* MusicVideo.app */,
				386456341D55521C009BE39D /* MusicVideoTests.xctest */,
				3864563F1D55521C009BE39D /* MusicVideoUITests.xctest */,
			);
			name = Products;
			sourceTree = "<group>";
		};
		386456221D55521C009BE39D /* MusicVideo */ = {
			isa = PBXGroup;
			children = (
				38DE04A41D5CEDD400CCCE16 /* Obj-C */,
				38DE049F1D5B89F300CCCE16 /* Utils */,
				386456541D5559CA009BE39D /* Supporting Files */,
				386456511D55598F009BE39D /* Model */,
				386456521D5559A1009BE39D /* Controller */,
				386456531D5559B2009BE39D /* View */,
			);
			path = MusicVideo;
			sourceTree = "<group>";
		};
		386456371D55521C009BE39D /* MusicVideoTests */ = {
			isa = PBXGroup;
			children = (
				386456381D55521C009BE39D /* MusicVideoTests.swift */,
				3864563A1D55521C009BE39D /* Info.plist */,
			);
			path = MusicVideoTests;
			sourceTree = "<group>";
		};
		386456421D55521C009BE39D /* MusicVideoUITests */ = {
			isa = PBXGroup;
			children = (
				386456431D55521C009BE39D /* MusicVideoUITests.swift */,
				386456451D55521C009BE39D /* Info.plist */,
			);
			path = MusicVideoUITests;
			sourceTree = "<group>";
		};
		386456511D55598F009BE39D /* Model */ = {
			isa = PBXGroup;
			children = (
				386456551D555CFC009BE39D /* APIManager.swift */,
				38B3B7F21D870CC1008E79F2 /* JsonDataExtractor.swift */,
				38DE04A21D5B8B6E00CCCE16 /* MusicVideo.swift */,
			);
			name = Model;
			sourceTree = "<group>";
		};
		386456521D5559A1009BE39D /* Controller */ = {
			isa = PBXGroup;
			children = (
				388908C91D74A27500D38A47 /* MusicVideoDetailVC.swift */,
				38162AC01D661C55003F674D /* MusicVideoTVC.swift */,
				38162AC21D6769B2003F674D /* MusicVideTableViewCell.swift */,
				38D0B0581D774175001C5938 /* SettingsTVC.swift */,
				38D0B05A1D777D35001C5938 /* AboutVC.swift */,
			);
			name = Controller;
			sourceTree = "<group>";
		};
		386456531D5559B2009BE39D /* View */ = {
			isa = PBXGroup;
			children = (
				386456271D55521C009BE39D /* Main.storyboard */,
				3864562C1D55521C009BE39D /* LaunchScreen.storyboard */,
			);
			name = View;
			sourceTree = "<group>";
		};
		386456541D5559CA009BE39D /* Supporting Files */ = {
			isa = PBXGroup;
			children = (
				3864562F1D55521C009BE39D /* Info.plist */,
				386456231D55521C009BE39D /* AppDelegate.swift */,
				3864562A1D55521C009BE39D /* Assets.xcassets */,
			);
			name = "Supporting Files";
			sourceTree = "<group>";
		};
		38DE049F1D5B89F300CCCE16 /* Utils */ = {
			isa = PBXGroup;
			children = (
				38DE04A01D5B8A1D00CCCE16 /* Contants.swift */,
			);
			name = Utils;
			sourceTree = "<group>";
		};
		38DE04A41D5CEDD400CCCE16 /* Obj-C */ = {
			isa = PBXGroup;
			children = (
				38DE04A61D5CEE5D00CCCE16 /* Reachability.h */,
				38DE04A71D5CEE5D00CCCE16 /* Reachability.m */,
				38DE04A51D5CEE5C00CCCE16 /* MusicVideo-Bridging-Header.h */,
			);
			name = "Obj-C";
			sourceTree = "<group>";
		};
/* End PBXGroup section */

/* Begin PBXNativeTarget section */
		3864561F1D55521C009BE39D /* MusicVideo */ = {
			isa = PBXNativeTarget;
			buildConfigurationList = 386456481D55521C009BE39D /* Build configuration list for PBXNativeTarget "MusicVideo" */;
			buildPhases = (
				3864561C1D55521C009BE39D /* Sources */,
				3864561D1D55521C009BE39D /* Frameworks */,
				3864561E1D55521C009BE39D /* Resources */,
			);
			buildRules = (
			);
			dependencies = (
			);
			name = MusicVideo;
			productName = MusicVideo;
			productReference = 386456201D55521C009BE39D /* MusicVideo.app */;
			productType = "com.apple.product-type.application";
		};
		386456331D55521C009BE39D /* MusicVideoTests */ = {
			isa = PBXNativeTarget;
			buildConfigurationList = 3864564B1D55521C009BE39D /* Build configuration list for PBXNativeTarget "MusicVideoTests" */;
			buildPhases = (
				386456301D55521C009BE39D /* Sources */,
				386456311D55521C009BE39D /* Frameworks */,
				386456321D55521C009BE39D /* Resources */,
			);
			buildRules = (
			);
			dependencies = (
				386456361D55521C009BE39D /* PBXTargetDependency */,
			);
			name = MusicVideoTests;
			productName = MusicVideoTests;
			productReference = 386456341D55521C009BE39D /* MusicVideoTests.xctest */;
			productType = "com.apple.product-type.bundle.unit-test";
		};
		3864563E1D55521C009BE39D /* MusicVideoUITests */ = {
			isa = PBXNativeTarget;
			buildConfigurationList = 3864564E1D55521C009BE39D /* Build configuration list for PBXNativeTarget "MusicVideoUITests" */;
			buildPhases = (
				3864563B1D55521C009BE39D /* Sources */,
				3864563C1D55521C009BE39D /* Frameworks */,
				3864563D1D55521C009BE39D /* Resources */,
			);
			buildRules = (
			);
			dependencies = (
				386456411D55521C009BE39D /* PBXTargetDependency */,
			);
			name = MusicVideoUITests;
			productName = MusicVideoUITests;
			productReference = 3864563F1D55521C009BE39D /* MusicVideoUITests.xctest */;
			productType = "com.apple.product-type.bundle.ui-testing";
		};
/* End PBXNativeTarget section */

/* Begin PBXProject section */
		386456181D55521C009BE39D /* Project object */ = {
			isa = PBXProject;
			attributes = {
				LastSwiftUpdateCheck = 0730;
				LastUpgradeCheck = 0730;
				ORGANIZATIONNAME = "Jim Hubbard";
				TargetAttributes = {
					3864561F1D55521C009BE39D = {
						CreatedOnToolsVersion = 7.3.1;
						DevelopmentTeam = YUEE7XF736;
					};
					386456331D55521C009BE39D = {
						CreatedOnToolsVersion = 7.3.1;
						TestTargetID = 3864561F1D55521C009BE39D;
					};
					3864563E1D55521C009BE39D = {
						CreatedOnToolsVersion = 7.3.1;
						TestTargetID = 3864561F1D55521C009BE39D;
					};
				};
			};
			buildConfigurationList = 3864561B1D55521C009BE39D /* Build configuration list for PBXProject "MusicVideo" */;
			compatibilityVersion = "Xcode 3.2";
			developmentRegion = English;
			hasScannedForEncodings = 0;
			knownRegions = (
				en,
				Base,
			);
			mainGroup = 386456171D55521C009BE39D;
			productRefGroup = 386456211D55521C009BE39D /* Products */;
			projectDirPath = "";
			projectRoot = "";
			targets = (
				3864561F1D55521C009BE39D /* MusicVideo */,
				386456331D55521C009BE39D /* MusicVideoTests */,
				3864563E1D55521C009BE39D /* MusicVideoUITests */,
			);
		};
/* End PBXProject section */

/* Begin PBXResourcesBuildPhase section */
		3864561E1D55521C009BE39D /* Resources */ = {
			isa = PBXResourcesBuildPhase;
			buildActionMask = 2147483647;
			files = (
				3864562E1D55521C009BE39D /* LaunchScreen.storyboard in Resources */,
				3864562B1D55521C009BE39D /* Assets.xcassets in Resources */,
				386456291D55521C009BE39D /* Main.storyboard in Resources */,
			);
			runOnlyForDeploymentPostprocessing = 0;
		};
		386456321D55521C009BE39D /* Resources */ = {
			isa = PBXResourcesBuildPhase;
			buildActionMask = 2147483647;
			files = (
			);
			runOnlyForDeploymentPostprocessing = 0;
		};
		3864563D1D55521C009BE39D /* Resources */ = {
			isa = PBXResourcesBuildPhase;
			buildActionMask = 2147483647;
			files = (
			);
			runOnlyForDeploymentPostprocessing = 0;
		};
/* End PBXResourcesBuildPhase section */

/* Begin PBXSourcesBuildPhase section */
		3864561C1D55521C009BE39D /* Sources */ = {
			isa = PBXSourcesBuildPhase;
			buildActionMask = 2147483647;
			files = (
				38D0B0591D774175001C5938 /* SettingsTVC.swift in Sources */,
				386456561D555CFC009BE39D /* APIManager.swift in Sources */,
				38DE04A31D5B8B6E00CCCE16 /* MusicVideo.swift in Sources */,
				388908CA1D74A27500D38A47 /* MusicVideoDetailVC.swift in Sources */,
				38B3B7F31D870CC1008E79F2 /* JsonDataExtractor.swift in Sources */,
				38162AC31D6769B2003F674D /* MusicVideTableViewCell.swift in Sources */,
				386456241D55521C009BE39D /* AppDelegate.swift in Sources */,
				38DE04A81D5CEE5D00CCCE16 /* Reachability.m in Sources */,
				38DE04A11D5B8A1D00CCCE16 /* Contants.swift in Sources */,
				38D0B05B1D777D35001C5938 /* AboutVC.swift in Sources */,
				38162AC11D661C55003F674D /* MusicVideoTVC.swift in Sources */,
			);
			runOnlyForDeploymentPostprocessing = 0;
		};
		386456301D55521C009BE39D /* Sources */ = {
			isa = PBXSourcesBuildPhase;
			buildActionMask = 2147483647;
			files = (
				386456391D55521C009BE39D /* MusicVideoTests.swift in Sources */,
			);
			runOnlyForDeploymentPostprocessing = 0;
		};
		3864563B1D55521C009BE39D /* Sources */ = {
			isa = PBXSourcesBuildPhase;
			buildActionMask = 2147483647;
			files = (
				386456441D55521C009BE39D /* MusicVideoUITests.swift in Sources */,
			);
			runOnlyForDeploymentPostprocessing = 0;
		};
/* End PBXSourcesBuildPhase section */

/* Begin PBXTargetDependency section */
		386456361D55521C009BE39D /* PBXTargetDependency */ = {
			isa = PBXTargetDependency;
			target = 3864561F1D55521C009BE39D /* MusicVideo */;
			targetProxy = 386456351D55521C009BE39D /* PBXContainerItemProxy */;
		};
		386456411D55521C009BE39D /* PBXTargetDependency */ = {
			isa = PBXTargetDependency;
			target = 3864561F1D55521C009BE39D /* MusicVideo */;
			targetProxy = 386456401D55521C009BE39D /* PBXContainerItemProxy */;
		};
/* End PBXTargetDependency section */

/* Begin PBXVariantGroup section */
		386456271D55521C009BE39D /* Main.storyboard */ = {
			isa = PBXVariantGroup;
			children = (
				386456281D55521C009BE39D /* Base */,
			);
			name = Main.storyboard;
			sourceTree = "<group>";
		};
		3864562C1D55521C009BE39D /* LaunchScreen.storyboard */ = {
			isa = PBXVariantGroup;
			children = (
				3864562D1D55521C009BE39D /* Base */,
			);
			name = LaunchScreen.storyboard;
			sourceTree = "<group>";
		};
/* End PBXVariantGroup section */

/* Begin XCBuildConfiguration section */
		386456461D55521C009BE39D /* Debug */ = {
			isa = XCBuildConfiguration;
			buildSettings = {
				ALWAYS_SEARCH_USER_PATHS = NO;
				CLANG_ANALYZER_NONNULL = YES;
				CLANG_CXX_LANGUAGE_STANDARD = "gnu++0x";
				CLANG_CXX_LIBRARY = "libc++";
				CLANG_ENABLE_MODULES = YES;
				CLANG_ENABLE_OBJC_ARC = YES;
				CLANG_WARN_BOOL_CONVERSION = YES;
				CLANG_WARN_CONSTANT_CONVERSION = YES;
				CLANG_WARN_DIRECT_OBJC_ISA_USAGE = YES_ERROR;
				CLANG_WARN_EMPTY_BODY = YES;
				CLANG_WARN_ENUM_CONVERSION = YES;
				CLANG_WARN_INT_CONVERSION = YES;
				CLANG_WARN_OBJC_ROOT_CLASS = YES_ERROR;
				CLANG_WARN_UNREACHABLE_CODE = YES;
				CLANG_WARN__DUPLICATE_METHOD_MATCH = YES;
				"CODE_SIGN_IDENTITY[sdk=iphoneos*]" = "iPhone Developer";
				COPY_PHASE_STRIP = NO;
				DEBUG_INFORMATION_FORMAT = dwarf;
				ENABLE_STRICT_OBJC_MSGSEND = YES;
				ENABLE_TESTABILITY = YES;
				GCC_C_LANGUAGE_STANDARD = gnu99;
				GCC_DYNAMIC_NO_PIC = NO;
				GCC_NO_COMMON_BLOCKS = YES;
				GCC_OPTIMIZATION_LEVEL = 0;
				GCC_PREPROCESSOR_DEFINITIONS = (
					"DEBUG=1",
					"$(inherited)",
				);
				GCC_WARN_64_TO_32_BIT_CONVERSION = YES;
				GCC_WARN_ABOUT_RETURN_TYPE = YES_ERROR;
				GCC_WARN_UNDECLARED_SELECTOR = YES;
				GCC_WARN_UNINITIALIZED_AUTOS = YES_AGGRESSIVE;
				GCC_WARN_UNUSED_FUNCTION = YES;
				GCC_WARN_UNUSED_VARIABLE = YES;
				IPHONEOS_DEPLOYMENT_TARGET = 9.3;
				MTL_ENABLE_DEBUG_INFO = YES;
				ONLY_ACTIVE_ARCH = YES;
				SDKROOT = iphoneos;
				SWIFT_OPTIMIZATION_LEVEL = "-Onone";
				TARGETED_DEVICE_FAMILY = "1,2";
			};
			name = Debug;
		};
		386456471D55521C009BE39D /* Release */ = {
			isa = XCBuildConfiguration;
			buildSettings = {
				ALWAYS_SEARCH_USER_PATHS = NO;
				CLANG_ANALYZER_NONNULL = YES;
				CLANG_CXX_LANGUAGE_STANDARD = "gnu++0x";
				CLANG_CXX_LIBRARY = "libc++";
				CLANG_ENABLE_MODULES = YES;
				CLANG_ENABLE_OBJC_ARC = YES;
				CLANG_WARN_BOOL_CONVERSION = YES;
				CLANG_WARN_CONSTANT_CONVERSION = YES;
				CLANG_WARN_DIRECT_OBJC_ISA_USAGE = YES_ERROR;
				CLANG_WARN_EMPTY_BODY = YES;
				CLANG_WARN_ENUM_CONVERSION = YES;
				CLANG_WARN_INT_CONVERSION = YES;
				CLANG_WARN_OBJC_ROOT_CLASS = YES_ERROR;
				CLANG_WARN_UNREACHABLE_CODE = YES;
				CLANG_WARN__DUPLICATE_METHOD_MATCH = YES;
				"CODE_SIGN_IDENTITY[sdk=iphoneos*]" = "iPhone Developer";
				COPY_PHASE_STRIP = NO;
				DEBUG_INFORMATION_FORMAT = "dwarf-with-dsym";
				ENABLE_NS_ASSERTIONS = NO;
				ENABLE_STRICT_OBJC_MSGSEND = YES;
				GCC_C_LANGUAGE_STANDARD = gnu99;
				GCC_NO_COMMON_BLOCKS = YES;
				GCC_WARN_64_TO_32_BIT_CONVERSION = YES;
				GCC_WARN_ABOUT_RETURN_TYPE = YES_ERROR;
				GCC_WARN_UNDECLARED_SELECTOR = YES;
				GCC_WARN_UNINITIALIZED_AUTOS = YES_AGGRESSIVE;
				GCC_WARN_UNUSED_FUNCTION = YES;
				GCC_WARN_UNUSED_VARIABLE = YES;
				IPHONEOS_DEPLOYMENT_TARGET = 9.3;
				MTL_ENABLE_DEBUG_INFO = NO;
				SDKROOT = iphoneos;
				TARGETED_DEVICE_FAMILY = "1,2";
				VALIDATE_PRODUCT = YES;
			};
			name = Release;
		};
		386456491D55521C009BE39D /* Debug */ = {
			isa = XCBuildConfiguration;
			buildSettings = {
				ASSETCATALOG_COMPILER_APPICON_NAME = AppIcon;
				CLANG_ENABLE_MODULES = YES;
				CODE_SIGN_IDENTITY = "iPhone Developer";
				"CODE_SIGN_IDENTITY[sdk=iphoneos*]" = "iPhone Developer";
				INFOPLIST_FILE = MusicVideo/Info.plist;
				LD_RUNPATH_SEARCH_PATHS = "$(inherited) @executable_path/Frameworks";
				PRODUCT_BUNDLE_IDENTIFIER = com.hubbardjim.MusicVideo;
				PRODUCT_NAME = "$(TARGET_NAME)";
				PROVISIONING_PROFILE = "";
				SWIFT_OBJC_BRIDGING_HEADER = "MusicVideo/MusicVideo-Bridging-Header.h";
				SWIFT_OPTIMIZATION_LEVEL = "-Onone";
			};
			name = Debug;
		};
		3864564A1D55521C009BE39D /* Release */ = {
			isa = XCBuildConfiguration;
			buildSettings = {
				ASSETCATALOG_COMPILER_APPICON_NAME = AppIcon;
				CLANG_ENABLE_MODULES = YES;
				CODE_SIGN_IDENTITY = "iPhone Developer";
				"CODE_SIGN_IDENTITY[sdk=iphoneos*]" = "iPhone Developer";
				INFOPLIST_FILE = MusicVideo/Info.plist;
				LD_RUNPATH_SEARCH_PATHS = "$(inherited) @executable_path/Frameworks";
				PRODUCT_BUNDLE_IDENTIFIER = com.hubbardjim.MusicVideo;
				PRODUCT_NAME = "$(TARGET_NAME)";
				PROVISIONING_PROFILE = "";
				SWIFT_OBJC_BRIDGING_HEADER = "MusicVideo/MusicVideo-Bridging-Header.h";
			};
			name = Release;
		};
		3864564C1D55521C009BE39D /* Debug */ = {
			isa = XCBuildConfiguration;
			buildSettings = {
				BUNDLE_LOADER = "$(TEST_HOST)";
				INFOPLIST_FILE = MusicVideoTests/Info.plist;
				LD_RUNPATH_SEARCH_PATHS = "$(inherited) @executable_path/Frameworks @loader_path/Frameworks";
				PRODUCT_BUNDLE_IDENTIFIER = com.hubbardjim.MusicVideoTests;
				PRODUCT_NAME = "$(TARGET_NAME)";
				TEST_HOST = "$(BUILT_PRODUCTS_DIR)/MusicVideo.app/MusicVideo";
			};
			name = Debug;
		};
		3864564D1D55521C009BE39D /* Release */ = {
			isa = XCBuildConfiguration;
			buildSettings = {
				BUNDLE_LOADER = "$(TEST_HOST)";
				INFOPLIST_FILE = MusicVideoTests/Info.plist;
				LD_RUNPATH_SEARCH_PATHS = "$(inherited) @executable_path/Frameworks @loader_path/Frameworks";
				PRODUCT_BUNDLE_IDENTIFIER = com.hubbardjim.MusicVideoTests;
				PRODUCT_NAME = "$(TARGET_NAME)";
				TEST_HOST = "$(BUILT_PRODUCTS_DIR)/MusicVideo.app/MusicVideo";
			};
			name = Release;
		};
		3864564F1D55521C009BE39D /* Debug */ = {
			isa = XCBuildConfiguration;
			buildSettings = {
				INFOPLIST_FILE = MusicVideoUITests/Info.plist;
				LD_RUNPATH_SEARCH_PATHS = "$(inherited) @executable_path/Frameworks @loader_path/Frameworks";
				PRODUCT_BUNDLE_IDENTIFIER = com.hubbardjim.MusicVideoUITests;
				PRODUCT_NAME = "$(TARGET_NAME)";
				TEST_TARGET_NAME = MusicVideo;
			};
			name = Debug;
		};
		386456501D55521C009BE39D /* Release */ = {
			isa = XCBuildConfiguration;
			buildSettings = {
				INFOPLIST_FILE = MusicVideoUITests/Info.plist;
				LD_RUNPATH_SEARCH_PATHS = "$(inherited) @executable_path/Frameworks @loader_path/Frameworks";
				PRODUCT_BUNDLE_IDENTIFIER = com.hubbardjim.MusicVideoUITests;
				PRODUCT_NAME = "$(TARGET_NAME)";
				TEST_TARGET_NAME = MusicVideo;
			};
			name = Release;
		};
/* End XCBuildConfiguration section */

/* Begin XCConfigurationList section */
		3864561B1D55521C009BE39D /* Build configuration list for PBXProject "MusicVideo" */ = {
			isa = XCConfigurationList;
			buildConfigurations = (
				386456461D55521C009BE39D /* Debug */,
				386456471D55521C009BE39D /* Release */,
			);
			defaultConfigurationIsVisible = 0;
			defaultConfigurationName = Release;
		};
		386456481D55521C009BE39D /* Build configuration list for PBXNativeTarget "MusicVideo" */ = {
			isa = XCConfigurationList;
			buildConfigurations = (
				386456491D55521C009BE39D /* Debug */,
				3864564A1D55521C009BE39D /* Release */,
			);
			defaultConfigurationIsVisible = 0;
			defaultConfigurationName = Release;
		};
		3864564B1D55521C009BE39D /* Build configuration list for PBXNativeTarget "MusicVideoTests" */ = {
			isa = XCConfigurationList;
			buildConfigurations = (
				3864564C1D55521C009BE39D /* Debug */,
				3864564D1D55521C009BE39D /* Release */,
			);
			defaultConfigurationIsVisible = 0;
			defaultConfigurationName = Release;
		};
		3864564E1D55521C009BE39D /* Build configuration list for PBXNativeTarget "MusicVideoUITests" */ = {
			isa = XCConfigurationList;
			buildConfigurations = (
				3864564F1D55521C009BE39D /* Debug */,
				386456501D55521C009BE39D /* Release */,
			);
			defaultConfigurationIsVisible = 0;
			defaultConfigurationName = Release;
		};
/* End XCConfigurationList section */
	};
	rootObject = 386456181D55521C009BE39D /* Project object */;
}
